
Microsoft Visual Studio Solution File, Format Version 12.00
# Visual Studio Version 16
VisualStudioVersion = 16.0.29609.76
MinimumVisualStudioVersion = 10.0.40219.1
Project("{FAE04EC0-301F-11D3-BF4B-00C04F79EFBC}") = "Testing.Repository", "Testing.Repository\Testing.Repository.csproj", "{626D9286-11B0-4DA0-A09F-AD3D348B2792}"
EndProject
Global
	GlobalSection(SolutionProperties) = preSolution
		HideSolutionNode = FALSE
	EndGlobalSection
	GlobalSection(ExtensibilityGlobals) = postSolution
		SolutionGuid = {47426236-9480-4F6F-BAFA-0ED9192029F6}
	EndGlobalSection
	GlobalSection(SolutionConfigurationPlatforms) = preSolution
		Debug|Any CPU = Debug|Any CPU
		Debug|x64 = Debug|x64
		Debug|x86 = Debug|x86
		Release|Any CPU = Release|Any CPU
		Release|x64 = Release|x64
		Release|x86 = Release|x86
	EndGlobalSection
	GlobalSection(ProjectConfigurationPlatforms) = postSolution
		{626D9286-11B0-4DA0-A09F-AD3D348B2792}.Debug|Any CPU.ActiveCfg = Debug|Any CPU
		{626D9286-11B0-4DA0-A09F-AD3D348B2792}.Debug|Any CPU.Build.0 = Debug|Any CPU
		{626D9286-11B0-4DA0-A09F-AD3D348B2792}.Debug|x64.ActiveCfg = Debug|Any CPU
		{626D9286-11B0-4DA0-A09F-AD3D348B2792}.Debug|x64.Build.0 = Debug|Any CPU
		{626D9286-11B0-4DA0-A09F-AD3D348B2792}.Debug|x86.ActiveCfg = Debug|Any CPU
		{626D9286-11B0-4DA0-A09F-AD3D348B2792}.Debug|x86.Build.0 = Debug|Any CPU
		{626D9286-11B0-4DA0-A09F-AD3D348B2792}.Release|Any CPU.ActiveCfg = Release|Any CPU
		{626D9286-11B0-4DA0-A09F-AD3D348B2792}.Release|Any CPU.Build.0 = Release|Any CPU
		{626D9286-11B0-4DA0-A09F-AD3D348B2792}.Release|x64.ActiveCfg = Release|Any CPU
		{626D9286-11B0-4DA0-A09F-AD3D348B2792}.Release|x64.Build.0 = Release|Any CPU
		{626D9286-11B0-4DA0-A09F-AD3D348B2792}.Release|x86.ActiveCfg = Release|Any CPU
		{626D9286-11B0-4DA0-A09F-AD3D348B2792}.Release|x86.Build.0 = Release|Any CPU
	EndGlobalSection
EndGlobal
